
Microsoft Visual Studio Solution File, Format Version 12.00
# Visual Studio Version 16
VisualStudioVersion = 16.0.30204.135
MinimumVisualStudioVersion = 10.0.40219.1
Project("{FAE04EC0-301F-11D3-BF4B-00C04F79EFBC}") = "25 DE FEB", "25 DE FEB\25 DE FEB.csproj", "{EFD0207F-3874-425F-81F1-BDF8B771DFC7}"
EndProject
Global
	GlobalSection(SolutionConfigurationPlatforms) = preSolution
		Debug|Any CPU = Debug|Any CPU
		Release|Any CPU = Release|Any CPU
	EndGlobalSection
	GlobalSection(ProjectConfigurationPlatforms) = postSolution
		{EFD0207F-3874-425F-81F1-BDF8B771DFC7}.Debug|Any CPU.ActiveCfg = Debug|Any CPU
		{EFD0207F-3874-425F-81F1-BDF8B771DFC7}.Debug|Any CPU.Build.0 = Debug|Any CPU
		{EFD0207F-3874-425F-81F1-BDF8B771DFC7}.Release|Any CPU.ActiveCfg = Release|Any CPU
		{EFD0207F-3874-425F-81F1-BDF8B771DFC7}.Release|Any CPU.Build.0 = Release|Any CPU
	EndGlobalSection
	GlobalSection(SolutionProperties) = preSolution
		HideSolutionNode = FALSE
	EndGlobalSection
	GlobalSection(ExtensibilityGlobals) = postSolution
		SolutionGuid = {42C80D16-A5B1-4AFA-B22D-08068A06BA85}
	EndGlobalSection
EndGlobal
